
Microsoft Visual Studio Solution File, Format Version 12.00
# Visual Studio Version 16
VisualStudioVersion = 16.0.31205.134
MinimumVisualStudioVersion = 10.0.40219.1
Project("{FAE04EC0-301F-11D3-BF4B-00C04F79EFBC}") = "CardDeck", "CardDeck\CardDeck.csproj", "{5928B30B-AA3A-4989-91EF-3560E5A66BD2}"
EndProject
Global
	GlobalSection(SolutionConfigurationPlatforms) = preSolution
		Debug|Any CPU = Debug|Any CPU
		Release|Any CPU = Release|Any CPU
	EndGlobalSection
	GlobalSection(ProjectConfigurationPlatforms) = postSolution
		{5928B30B-AA3A-4989-91EF-3560E5A66BD2}.Debug|Any CPU.ActiveCfg = Debug|Any CPU
		{5928B30B-AA3A-4989-91EF-3560E5A66BD2}.Debug|Any CPU.Build.0 = Debug|Any CPU
		{5928B30B-AA3A-4989-91EF-3560E5A66BD2}.Release|Any CPU.ActiveCfg = Release|Any CPU
		{5928B30B-AA3A-4989-91EF-3560E5A66BD2}.Release|Any CPU.Build.0 = Release|Any CPU
	EndGlobalSection
	GlobalSection(SolutionProperties) = preSolution
		HideSolutionNode = FALSE
	EndGlobalSection
	GlobalSection(ExtensibilityGlobals) = postSolution
		SolutionGuid = {3C10AAF5-E4F4-469D-978F-0C0D1DAC7268}
	EndGlobalSection
EndGlobal
